
Microsoft Visual Studio Solution File, Format Version 12.00
Project("{FAE04EC0-301F-11D3-BF4B-00C04F79EFBC}") = "HS2_HCharaSwitcher", "HS2_HCharaSwitcher\HS2_HCharaSwitcher.csproj", "{FBE56F47-6D8B-4D0A-BF72-97A461D0CA29}"
EndProject
Global
	GlobalSection(SolutionConfigurationPlatforms) = preSolution
		Debug|Any CPU = Debug|Any CPU
		Release|Any CPU = Release|Any CPU
	EndGlobalSection
	GlobalSection(ProjectConfigurationPlatforms) = postSolution
		{FBE56F47-6D8B-4D0A-BF72-97A461D0CA29}.Debug|Any CPU.ActiveCfg = Debug|Any CPU
		{FBE56F47-6D8B-4D0A-BF72-97A461D0CA29}.Debug|Any CPU.Build.0 = Debug|Any CPU
		{FBE56F47-6D8B-4D0A-BF72-97A461D0CA29}.Release|Any CPU.ActiveCfg = Release|Any CPU
		{FBE56F47-6D8B-4D0A-BF72-97A461D0CA29}.Release|Any CPU.Build.0 = Release|Any CPU
	EndGlobalSection
EndGlobal
